
Microsoft Visual Studio Solution File, Format Version 12.00
# Visual Studio 15
Project("{FAE04EC0-301F-11D3-BF4B-00C04F79EFBC}") = "LibraryManagement", "LibraryManagement\LibraryManagement.csproj", "{29031BF4-2CE0-4E4F-B5F1-49215D42EF2A}"
EndProject
Global
	GlobalSection(SolutionConfigurationPlatforms) = preSolution
		Debug|anycpu = Debug|anycpu
		Release|anycpu = Release|anycpu
	EndGlobalSection
	GlobalSection(ProjectConfigurationPlatforms) = postSolution
		{29031BF4-2CE0-4E4F-B5F1-49215D42EF2A}.Debug|anycpu.ActiveCfg = Debug|anycpu
		{29031BF4-2CE0-4E4F-B5F1-49215D42EF2A}.Debug|anycpu.Build.0 = Debug|anycpu
		{29031BF4-2CE0-4E4F-B5F1-49215D42EF2A}.Release|anycpu.ActiveCfg = Release|anycpu
		{29031BF4-2CE0-4E4F-B5F1-49215D42EF2A}.Release|anycpu.Build.0 = Release|anycpu
	EndGlobalSection
EndGlobal
